<?xml version="1.0" encoding="UTF-8"?>
<Scheme
   LastUpgradeVersion = "0900"
   version = "1.8">
   <BuildAction
      parallelizeBuildables = "YES"
      buildImplicitDependencies = "YES">
      <BuildActionEntries>
         <BuildActionEntry
            buildForTesting = "YES"
            buildForRunning = "YES"
            buildForProfiling = "YES"
            buildForArchiving = "YES"
            buildForAnalyzing = "YES">
            <BuildableReference
               BuildableIdentifier = "primary"
               BlueprintIdentifier = "8D3E11E01F0A559A004B21D0"
               BuildableName = "IOSQuizWatchOS.app"
               BlueprintName = "IOSQuizWatchOS"
               ReferencedContainer = "container:IOSQuiz.xcodeproj">
            </BuildableReference>
         </BuildActionEntry>
         <BuildActionEntry
            buildForTesting = "YES"
            buildForRunning = "YES"
            buildForProfiling = "YES"
            buildForArchiving = "YES"
            buildForAnalyzing = "YES">
            <BuildableReference
               BuildableIdentifier = "primary"
               BlueprintIdentifier = "8D5D0EB01EE16AF400373BFF"
               BuildableName = "IOSQuiz.app"
               BlueprintName = "IOSQuiz"
               ReferencedContainer = "container:IOSQuiz.xcodeproj">
            </BuildableReference>
         </BuildActionEntry>
      </BuildActionEntries>
   </BuildAction>
   <TestAction
      buildConfiguration = "Debug"
      selectedDebuggerIdentifier = "Xcode.DebuggerFoundation.Debugger.LLDB"
      selectedLauncherIdentifier = "Xcode.DebuggerFoundation.Launcher.LLDB"
      language = ""
      shouldUseLaunchSchemeArgsEnv = "YES">
      <Testables>
      </Testables>
      <MacroExpansion>
         <BuildableReference
            BuildableIdentifier = "primary"
            BlueprintIdentifier = "8D3E11E01F0A559A004B21D0"
            BuildableName = "IOSQuizWatchOS.app"
            BlueprintName = "IOSQuizWatchOS"
            ReferencedContainer = "container:IOSQuiz.xcodeproj">
         </BuildableReference>
      </MacroExpansion>
      <AdditionalOptions>
      </AdditionalOptions>
   </TestAction>
   <LaunchAction
      buildConfiguration = "Debug"
      selectedDebuggerIdentifier = "Xcode.DebuggerFoundation.Debugger.LLDB"
      selectedLauncherIdentifier = "Xcode.DebuggerFoundation.Launcher.LLDB"
      launchStyle = "0"
      useCustomWorkingDirectory = "NO"
      ignoresPersistentStateOnLaunch = "NO"
      debugDocumentVersioning = "YES"
      debugServiceExtension = "internal"
      allowLocationSimulation = "YES"
      notificationPayloadFile = "IOSQuizWatchOS Extension/PushNotificationPayload.apns">
      <RemoteRunnable
         runnableDebuggingMode = "2"
         BundleIdentifier = "com.apple.Carousel"
         RemotePath = "/IOSQuiz">
         <BuildableReference
            BuildableIdentifier = "primary"
            BlueprintIdentifier = "8D3E11E01F0A559A004B21D0"
            BuildableName = "IOSQuizWatchOS.app"
            BlueprintName = "IOSQuizWatchOS"
            ReferencedContainer = "container:IOSQuiz.xcodeproj">
         </BuildableReference>
      </RemoteRunnable>
      <MacroExpansion>
         <BuildableReference
            BuildableIdentifier = "primary"
            BlueprintIdentifier = "8D3E11E01F0A559A004B21D0"
            BuildableName = "IOSQuizWatchOS.app"
            BlueprintName = "IOSQuizWatchOS"
            ReferencedContainer = "container:IOSQuiz.xcodeproj">
         </BuildableReference>
      </MacroExpansion>
      <AdditionalOptions>
      </AdditionalOptions>
   </LaunchAction>
   <ProfileAction
      buildConfiguration = "Release"
      shouldUseLaunchSchemeArgsEnv = "YES"
      savedToolIdentifier = ""
      useCustomWorkingDirectory = "NO"
      debugDocumentVersioning = "YES">
      <RemoteRunnable
         runnableDebuggingMode = "2"
         BundleIdentifier = "com.apple.Carousel"
         RemotePath = "/IOSQuiz">
         <BuildableReference
            BuildableIdentifier = "primary"
            BlueprintIdentifier = "8D3E11E01F0A559A004B21D0"
            BuildableName = "IOSQuizWatchOS.app"
            BlueprintName = "IOSQuizWatchOS"
            ReferencedContainer = "container:IOSQuiz.xcodeproj">
         </BuildableReference>
      </RemoteRunnable>
      <MacroExpansion>
         <BuildableReference
            BuildableIdentifier = "primary"
            BlueprintIdentifier = "8D3E11E01F0A559A004B21D0"
            BuildableName = "IOSQuizWatchOS.app"
            BlueprintName = "IOSQuizWatchOS"
            ReferencedContainer = "container:IOSQuiz.xcodeproj">
         </BuildableReference>
      </MacroExpansion>
   </ProfileAction>
   <AnalyzeAction
      buildConfiguration = "Debug">
   </AnalyzeAction>
   <ArchiveAction
      buildConfiguration = "Release"
      revealArchiveInOrganizer = "YES">
   </ArchiveAction>
</Scheme>
